
Microsoft Visual Studio Solution File, Format Version 12.00
# Visual Studio Version 17
VisualStudioVersion = 17.9.34701.34
MinimumVisualStudioVersion = 10.0.40219.1
Project("{FAE04EC0-301F-11D3-BF4B-00C04F79EFBC}") = "BaiTapCuoiMon", "BaiTapCuoiKhoa\BaiTapCuoiMon.csproj", "{E6BE347E-8F13-41C0-809F-21750E2FD4A8}"
EndProject
Global
	GlobalSection(SolutionConfigurationPlatforms) = preSolution
		Debug|Any CPU = Debug|Any CPU
		Release|Any CPU = Release|Any CPU
	EndGlobalSection
	GlobalSection(ProjectConfigurationPlatforms) = postSolution
		{E6BE347E-8F13-41C0-809F-21750E2FD4A8}.Debug|Any CPU.ActiveCfg = Debug|Any CPU
		{E6BE347E-8F13-41C0-809F-21750E2FD4A8}.Debug|Any CPU.Build.0 = Debug|Any CPU
		{E6BE347E-8F13-41C0-809F-21750E2FD4A8}.Release|Any CPU.ActiveCfg = Release|Any CPU
		{E6BE347E-8F13-41C0-809F-21750E2FD4A8}.Release|Any CPU.Build.0 = Release|Any CPU
	EndGlobalSection
	GlobalSection(SolutionProperties) = preSolution
		HideSolutionNode = FALSE
	EndGlobalSection
	GlobalSection(ExtensibilityGlobals) = postSolution
		SolutionGuid = {9D862D35-C664-4DA5-95EA-73176B4EAF29}
	EndGlobalSection
EndGlobal
